
Microsoft Visual Studio Solution File, Format Version 12.00
# Visual Studio Version 17
VisualStudioVersion = 17.0.31903.59
MinimumVisualStudioVersion = 10.0.40219.1
Project("{9A19103F-16F7-4668-BE54-9A1E7A4F7556}") = "Demo.Api", "src\Demo.Api\Demo.Api.csproj", "{A459386B-CA08-4AAE-BFAB-A48560E16C6D}"
EndProject
Project("{9A19103F-16F7-4668-BE54-9A1E7A4F7556}") = "Demo.Tests", "tests\Demo.Tests.csproj", "{8198ACEA-8368-4544-9C2E-FF784E318C25}"
EndProject
Global
	GlobalSection(SolutionConfigurationPlatforms) = preSolution
		Debug|Any CPU = Debug|Any CPU
		Release|Any CPU = Release|Any CPU
	EndGlobalSection
	GlobalSection(ProjectConfigurationPlatforms) = postSolution
		{A459386B-CA08-4AAE-BFAB-A48560E16C6D}.Debug|Any CPU.ActiveCfg = Debug|Any CPU
		{A459386B-CA08-4AAE-BFAB-A48560E16C6D}.Debug|Any CPU.Build.0 = Debug|Any CPU
		{A459386B-CA08-4AAE-BFAB-A48560E16C6D}.Release|Any CPU.ActiveCfg = Release|Any CPU
		{A459386B-CA08-4AAE-BFAB-A48560E16C6D}.Release|Any CPU.Build.0 = Release|Any CPU
		{8198ACEA-8368-4544-9C2E-FF784E318C25}.Debug|Any CPU.ActiveCfg = Debug|Any CPU
		{8198ACEA-8368-4544-9C2E-FF784E318C25}.Debug|Any CPU.Build.0 = Debug|Any CPU
		{8198ACEA-8368-4544-9C2E-FF784E318C25}.Release|Any CPU.ActiveCfg = Release|Any CPU
		{8198ACEA-8368-4544-9C2E-FF784E318C25}.Release|Any CPU.Build.0 = Release|Any CPU
	EndGlobalSection
	GlobalSection(SolutionProperties) = preSolution
		HideSolutionNode = FALSE
	EndGlobalSection
EndGlobal
